
Microsoft Visual Studio Solution File, Format Version 12.00
# Visual Studio Version 17
VisualStudioVersion = 17.7.34018.315
MinimumVisualStudioVersion = 10.0.40219.1
Project("{FAE04EC0-301F-11D3-BF4B-00C04F79EFBC}") = "Övning 5.4", "Övning 5.4\Övning 5.4.csproj", "{A348F493-E7FD-4730-A31B-AAB3E9E1EE57}"
EndProject
Global
	GlobalSection(SolutionConfigurationPlatforms) = preSolution
		Debug|Any CPU = Debug|Any CPU
		Release|Any CPU = Release|Any CPU
	EndGlobalSection
	GlobalSection(ProjectConfigurationPlatforms) = postSolution
		{A348F493-E7FD-4730-A31B-AAB3E9E1EE57}.Debug|Any CPU.ActiveCfg = Debug|Any CPU
		{A348F493-E7FD-4730-A31B-AAB3E9E1EE57}.Debug|Any CPU.Build.0 = Debug|Any CPU
		{A348F493-E7FD-4730-A31B-AAB3E9E1EE57}.Release|Any CPU.ActiveCfg = Release|Any CPU
		{A348F493-E7FD-4730-A31B-AAB3E9E1EE57}.Release|Any CPU.Build.0 = Release|Any CPU
	EndGlobalSection
	GlobalSection(SolutionProperties) = preSolution
		HideSolutionNode = FALSE
	EndGlobalSection
	GlobalSection(ExtensibilityGlobals) = postSolution
		SolutionGuid = {809275EC-EFA1-463B-86FE-3029480EEF13}
	EndGlobalSection
EndGlobal
